
Microsoft Visual Studio Solution File, Format Version 12.00
# Visual Studio 15
VisualStudioVersion = 15.0.28307.136
MinimumVisualStudioVersion = 10.0.40219.1
Project("{9A19103F-16F7-4668-BE54-9A1E7A4F7556}") = "TandT", "TandT\TandT.csproj", "{F5475164-1FB5-4E16-9283-5E6831BC139D}"
EndProject
Project("{FAE04EC0-301F-11D3-BF4B-00C04F79EFBC}") = "TandTDataAccess", "TandTDataAccess\TandTDataAccess.csproj", "{C84AA3B9-9749-4889-ADBE-211C3BE0EE7E}"
EndProject
Global
	GlobalSection(SolutionConfigurationPlatforms) = preSolution
		Debug|Any CPU = Debug|Any CPU
		Release|Any CPU = Release|Any CPU
	EndGlobalSection
	GlobalSection(ProjectConfigurationPlatforms) = postSolution
		{F5475164-1FB5-4E16-9283-5E6831BC139D}.Debug|Any CPU.ActiveCfg = Debug|Any CPU
		{F5475164-1FB5-4E16-9283-5E6831BC139D}.Debug|Any CPU.Build.0 = Debug|Any CPU
		{F5475164-1FB5-4E16-9283-5E6831BC139D}.Release|Any CPU.ActiveCfg = Release|Any CPU
		{F5475164-1FB5-4E16-9283-5E6831BC139D}.Release|Any CPU.Build.0 = Release|Any CPU
		{C84AA3B9-9749-4889-ADBE-211C3BE0EE7E}.Debug|Any CPU.ActiveCfg = Debug|Any CPU
		{C84AA3B9-9749-4889-ADBE-211C3BE0EE7E}.Debug|Any CPU.Build.0 = Debug|Any CPU
		{C84AA3B9-9749-4889-ADBE-211C3BE0EE7E}.Release|Any CPU.ActiveCfg = Release|Any CPU
		{C84AA3B9-9749-4889-ADBE-211C3BE0EE7E}.Release|Any CPU.Build.0 = Release|Any CPU
	EndGlobalSection
	GlobalSection(SolutionProperties) = preSolution
		HideSolutionNode = FALSE
	EndGlobalSection
	GlobalSection(ExtensibilityGlobals) = postSolution
		SolutionGuid = {A90BA9A3-66E0-4BA9-A12A-FE8330AE2A9A}
	EndGlobalSection
EndGlobal
